
Microsoft Visual Studio Solution File, Format Version 12.00
# Visual Studio Version 16
VisualStudioVersion = 16.0.31729.503
MinimumVisualStudioVersion = 10.0.40219.1
Project("{FAE04EC0-301F-11D3-BF4B-00C04F79EFBC}") = "Agence de Presse", "Agence de Presse\Agence de Presse.csproj", "{1CF20431-E7AB-4F86-886F-CDDD6610245D}"
EndProject
Global
	GlobalSection(SolutionConfigurationPlatforms) = preSolution
		Debug|Any CPU = Debug|Any CPU
		Release|Any CPU = Release|Any CPU
	EndGlobalSection
	GlobalSection(ProjectConfigurationPlatforms) = postSolution
		{1CF20431-E7AB-4F86-886F-CDDD6610245D}.Debug|Any CPU.ActiveCfg = Debug|Any CPU
		{1CF20431-E7AB-4F86-886F-CDDD6610245D}.Debug|Any CPU.Build.0 = Debug|Any CPU
		{1CF20431-E7AB-4F86-886F-CDDD6610245D}.Release|Any CPU.ActiveCfg = Release|Any CPU
		{1CF20431-E7AB-4F86-886F-CDDD6610245D}.Release|Any CPU.Build.0 = Release|Any CPU
	EndGlobalSection
	GlobalSection(SolutionProperties) = preSolution
		HideSolutionNode = FALSE
	EndGlobalSection
	GlobalSection(ExtensibilityGlobals) = postSolution
		SolutionGuid = {38E56163-C2EA-4E12-BD07-46A5E4BEB943}
	EndGlobalSection
EndGlobal
